
Microsoft Visual Studio Solution File, Format Version 12.00
# Visual Studio Version 16
VisualStudioVersion = 16.0.31515.178
MinimumVisualStudioVersion = 10.0.40219.1
Project("{FAE04EC0-301F-11D3-BF4B-00C04F79EFBC}") = "MultipleActivities_Xamarin_Android", "MultipleActivities_Xamarin_Android.csproj", "{AFFAC940-1D0D-4151-9C93-04EB4E903B0A}"
EndProject
Global
	GlobalSection(SolutionConfigurationPlatforms) = preSolution
		Debug|Any CPU = Debug|Any CPU
		Release|Any CPU = Release|Any CPU
	EndGlobalSection
	GlobalSection(ProjectConfigurationPlatforms) = postSolution
		{AFFAC940-1D0D-4151-9C93-04EB4E903B0A}.Debug|Any CPU.ActiveCfg = Debug|Any CPU
		{AFFAC940-1D0D-4151-9C93-04EB4E903B0A}.Debug|Any CPU.Build.0 = Debug|Any CPU
		{AFFAC940-1D0D-4151-9C93-04EB4E903B0A}.Debug|Any CPU.Deploy.0 = Debug|Any CPU
		{AFFAC940-1D0D-4151-9C93-04EB4E903B0A}.Release|Any CPU.ActiveCfg = Release|Any CPU
		{AFFAC940-1D0D-4151-9C93-04EB4E903B0A}.Release|Any CPU.Build.0 = Release|Any CPU
		{AFFAC940-1D0D-4151-9C93-04EB4E903B0A}.Release|Any CPU.Deploy.0 = Release|Any CPU
	EndGlobalSection
	GlobalSection(SolutionProperties) = preSolution
		HideSolutionNode = FALSE
	EndGlobalSection
	GlobalSection(ExtensibilityGlobals) = postSolution
		SolutionGuid = {2DC76A19-A47C-4494-B034-2B3758967DAE}
	EndGlobalSection
EndGlobal
